{
  "name": "cgprendering",
  "version": "1.0.0",
  "lockfileVersion": 1,
  "requires": true,
  "dependencies": {
    "@types/three": {
      "version": "0.92.24",
      "resolved": "https://registry.npmjs.org/@types/three/-/three-0.92.24.tgz",
      "integrity": "sha512-B+bYpY40/rTpb8LrSaED9wpG3IZwACpybHWj8volYwBalMJCzRmi+a6wRTkua7L3yO4YsQU0pah0jtmWo69mDQ=="
    },
    "three": {
      "version": "0.92.0",
      "resolved": "https://registry.npmjs.org/three/-/three-0.92.0.tgz",
      "integrity": "sha1-jT0fWviQ5i2n9MtF0gwJ+lEFfc0="
    }
  }
}
